
Microsoft Visual Studio Solution File, Format Version 12.00
# Visual Studio 15
VisualStudioVersion = 15.0.26228.4
MinimumVisualStudioVersion = 10.0.40219.1
Project("{8BC9CEB8-8B4A-11D0-8D11-00A0C91BC942}") = "CS 251 Project 7 Priority Queue-Dijkstra", "CS 251 Project 7 Priority Queue-Dijkstra\CS 251 Project 7 Priority Queue-Dijkstra.vcxproj", "{0A5CEE24-0301-4FD2-8CF0-8C8A3DA7B826}"
EndProject
Global
	GlobalSection(SolutionConfigurationPlatforms) = preSolution
		Debug|x64 = Debug|x64
		Debug|x86 = Debug|x86
		Release|x64 = Release|x64
		Release|x86 = Release|x86
	EndGlobalSection
	GlobalSection(ProjectConfigurationPlatforms) = postSolution
		{0A5CEE24-0301-4FD2-8CF0-8C8A3DA7B826}.Debug|x64.ActiveCfg = Debug|x64
		{0A5CEE24-0301-4FD2-8CF0-8C8A3DA7B826}.Debug|x64.Build.0 = Debug|x64
		{0A5CEE24-0301-4FD2-8CF0-8C8A3DA7B826}.Debug|x86.ActiveCfg = Debug|Win32
		{0A5CEE24-0301-4FD2-8CF0-8C8A3DA7B826}.Debug|x86.Build.0 = Debug|Win32
		{0A5CEE24-0301-4FD2-8CF0-8C8A3DA7B826}.Release|x64.ActiveCfg = Release|x64
		{0A5CEE24-0301-4FD2-8CF0-8C8A3DA7B826}.Release|x64.Build.0 = Release|x64
		{0A5CEE24-0301-4FD2-8CF0-8C8A3DA7B826}.Release|x86.ActiveCfg = Release|Win32
		{0A5CEE24-0301-4FD2-8CF0-8C8A3DA7B826}.Release|x86.Build.0 = Release|Win32
	EndGlobalSection
	GlobalSection(SolutionProperties) = preSolution
		HideSolutionNode = FALSE
	EndGlobalSection
EndGlobal
